
Microsoft Visual Studio Solution File, Format Version 12.00
# Visual Studio Version 17
VisualStudioVersion = 17.10.35013.160
MinimumVisualStudioVersion = 10.0.40219.1
Project("{FAE04EC0-301F-11D3-BF4B-00C04F79EFBC}") = "Aeg.TaskManager.Entity", "Aeg.TaskManager.Entity\Aeg.TaskManager.Entity.csproj", "{14E1EC52-737F-474D-B763-8C942EFBDD16}"
EndProject
Project("{FAE04EC0-301F-11D3-BF4B-00C04F79EFBC}") = "Aeg.TaskManager.Dal", "Aeg.TaskManager.Dal\Aeg.TaskManager.Dal.csproj", "{DF195673-071B-42AB-A78C-6458DC90A59B}"
EndProject
Project("{FAE04EC0-301F-11D3-BF4B-00C04F79EFBC}") = "Aeg.TaskManager.Bll", "Aeg.TaskManager.Bll\Aeg.TaskManager.Bll.csproj", "{8986B77E-D478-4411-ACFB-A5BBC93B5645}"
EndProject
Project("{FAE04EC0-301F-11D3-BF4B-00C04F79EFBC}") = "Aeg.TaskManager.Common", "Aeg.TaskManager.Common\Aeg.TaskManager.Common.csproj", "{BB7B4802-CC1A-4429-85BB-90BACB4E995B}"
EndProject
Project("{FAE04EC0-301F-11D3-BF4B-00C04F79EFBC}") = "Aeg.TaskManager.MvcUI", "Aeg.TaskManager.MvcUI\Aeg.TaskManager.MvcUI.csproj", "{0CC2E26E-4C3D-4ADF-97B4-2CCE2B99FD9B}"
EndProject
Global
	GlobalSection(SolutionConfigurationPlatforms) = preSolution
		Debug|Any CPU = Debug|Any CPU
		Release|Any CPU = Release|Any CPU
	EndGlobalSection
	GlobalSection(ProjectConfigurationPlatforms) = postSolution
		{14E1EC52-737F-474D-B763-8C942EFBDD16}.Debug|Any CPU.ActiveCfg = Debug|Any CPU
		{14E1EC52-737F-474D-B763-8C942EFBDD16}.Debug|Any CPU.Build.0 = Debug|Any CPU
		{14E1EC52-737F-474D-B763-8C942EFBDD16}.Release|Any CPU.ActiveCfg = Release|Any CPU
		{14E1EC52-737F-474D-B763-8C942EFBDD16}.Release|Any CPU.Build.0 = Release|Any CPU
		{DF195673-071B-42AB-A78C-6458DC90A59B}.Debug|Any CPU.ActiveCfg = Debug|Any CPU
		{DF195673-071B-42AB-A78C-6458DC90A59B}.Debug|Any CPU.Build.0 = Debug|Any CPU
		{DF195673-071B-42AB-A78C-6458DC90A59B}.Release|Any CPU.ActiveCfg = Release|Any CPU
		{DF195673-071B-42AB-A78C-6458DC90A59B}.Release|Any CPU.Build.0 = Release|Any CPU
		{8986B77E-D478-4411-ACFB-A5BBC93B5645}.Debug|Any CPU.ActiveCfg = Debug|Any CPU
		{8986B77E-D478-4411-ACFB-A5BBC93B5645}.Debug|Any CPU.Build.0 = Debug|Any CPU
		{8986B77E-D478-4411-ACFB-A5BBC93B5645}.Release|Any CPU.ActiveCfg = Release|Any CPU
		{8986B77E-D478-4411-ACFB-A5BBC93B5645}.Release|Any CPU.Build.0 = Release|Any CPU
		{BB7B4802-CC1A-4429-85BB-90BACB4E995B}.Debug|Any CPU.ActiveCfg = Debug|Any CPU
		{BB7B4802-CC1A-4429-85BB-90BACB4E995B}.Debug|Any CPU.Build.0 = Debug|Any CPU
		{BB7B4802-CC1A-4429-85BB-90BACB4E995B}.Release|Any CPU.ActiveCfg = Release|Any CPU
		{BB7B4802-CC1A-4429-85BB-90BACB4E995B}.Release|Any CPU.Build.0 = Release|Any CPU
		{0CC2E26E-4C3D-4ADF-97B4-2CCE2B99FD9B}.Debug|Any CPU.ActiveCfg = Debug|Any CPU
		{0CC2E26E-4C3D-4ADF-97B4-2CCE2B99FD9B}.Debug|Any CPU.Build.0 = Debug|Any CPU
		{0CC2E26E-4C3D-4ADF-97B4-2CCE2B99FD9B}.Release|Any CPU.ActiveCfg = Release|Any CPU
		{0CC2E26E-4C3D-4ADF-97B4-2CCE2B99FD9B}.Release|Any CPU.Build.0 = Release|Any CPU
	EndGlobalSection
	GlobalSection(SolutionProperties) = preSolution
		HideSolutionNode = FALSE
	EndGlobalSection
	GlobalSection(ExtensibilityGlobals) = postSolution
		SolutionGuid = {0FD9B4AB-4E84-4205-96B8-DB1D8B00D44C}
	EndGlobalSection
EndGlobal
